
Microsoft Visual Studio Solution File, Format Version 12.00
# Visual Studio Version 17
VisualStudioVersion = 17.1.32210.238
MinimumVisualStudioVersion = 10.0.40219.1
Project("{FAE04EC0-301F-11D3-BF4B-00C04F79EFBC}") = "Kata_5_Second_Largest_No", "Kata_5_Second_Largest_No\Kata_5_Second_Largest_No.csproj", "{67C34562-C7F6-43F8-98D8-2C122B1F3096}"
EndProject
Project("{FAE04EC0-301F-11D3-BF4B-00C04F79EFBC}") = "TestProject1", "TestProject1\TestProject1.csproj", "{E63CD68E-AFE9-4B80-9DEA-6F0877D2D7FF}"
EndProject
Global
	GlobalSection(SolutionConfigurationPlatforms) = preSolution
		Debug|Any CPU = Debug|Any CPU
		Release|Any CPU = Release|Any CPU
	EndGlobalSection
	GlobalSection(ProjectConfigurationPlatforms) = postSolution
		{67C34562-C7F6-43F8-98D8-2C122B1F3096}.Debug|Any CPU.ActiveCfg = Debug|Any CPU
		{67C34562-C7F6-43F8-98D8-2C122B1F3096}.Debug|Any CPU.Build.0 = Debug|Any CPU
		{67C34562-C7F6-43F8-98D8-2C122B1F3096}.Release|Any CPU.ActiveCfg = Release|Any CPU
		{67C34562-C7F6-43F8-98D8-2C122B1F3096}.Release|Any CPU.Build.0 = Release|Any CPU
		{E63CD68E-AFE9-4B80-9DEA-6F0877D2D7FF}.Debug|Any CPU.ActiveCfg = Debug|Any CPU
		{E63CD68E-AFE9-4B80-9DEA-6F0877D2D7FF}.Debug|Any CPU.Build.0 = Debug|Any CPU
		{E63CD68E-AFE9-4B80-9DEA-6F0877D2D7FF}.Release|Any CPU.ActiveCfg = Release|Any CPU
		{E63CD68E-AFE9-4B80-9DEA-6F0877D2D7FF}.Release|Any CPU.Build.0 = Release|Any CPU
	EndGlobalSection
	GlobalSection(SolutionProperties) = preSolution
		HideSolutionNode = FALSE
	EndGlobalSection
	GlobalSection(ExtensibilityGlobals) = postSolution
		SolutionGuid = {9F32F07B-478C-460A-A8CB-0553F7065071}
	EndGlobalSection
EndGlobal
